
Microsoft Visual Studio Solution File, Format Version 12.00
# Visual Studio Version 17
VisualStudioVersion = 17.5.33424.131
MinimumVisualStudioVersion = 10.0.40219.1
Project("{9A19103F-16F7-4668-BE54-9A1E7A4F7556}") = "StackExchangeApiTags", "StackExchangeApiTags\StackExchangeApiTags.csproj", "{6AAC6E9D-DA84-4AD8-A55F-6C3EE0E36855}"
EndProject
Project("{9A19103F-16F7-4668-BE54-9A1E7A4F7556}") = "StackExchangeApiTags.Infrastructure", "StackExchangeApiTags.Infrastructure\StackExchangeApiTags.Infrastructure.csproj", "{D1E6B6F0-0FED-4951-98CE-302E9443213B}"
EndProject
Global
	GlobalSection(SolutionConfigurationPlatforms) = preSolution
		Debug|Any CPU = Debug|Any CPU
		Release|Any CPU = Release|Any CPU
	EndGlobalSection
	GlobalSection(ProjectConfigurationPlatforms) = postSolution
		{6AAC6E9D-DA84-4AD8-A55F-6C3EE0E36855}.Debug|Any CPU.ActiveCfg = Debug|Any CPU
		{6AAC6E9D-DA84-4AD8-A55F-6C3EE0E36855}.Debug|Any CPU.Build.0 = Debug|Any CPU
		{6AAC6E9D-DA84-4AD8-A55F-6C3EE0E36855}.Release|Any CPU.ActiveCfg = Release|Any CPU
		{6AAC6E9D-DA84-4AD8-A55F-6C3EE0E36855}.Release|Any CPU.Build.0 = Release|Any CPU
		{D1E6B6F0-0FED-4951-98CE-302E9443213B}.Debug|Any CPU.ActiveCfg = Debug|Any CPU
		{D1E6B6F0-0FED-4951-98CE-302E9443213B}.Debug|Any CPU.Build.0 = Debug|Any CPU
		{D1E6B6F0-0FED-4951-98CE-302E9443213B}.Release|Any CPU.ActiveCfg = Release|Any CPU
		{D1E6B6F0-0FED-4951-98CE-302E9443213B}.Release|Any CPU.Build.0 = Release|Any CPU
	EndGlobalSection
	GlobalSection(SolutionProperties) = preSolution
		HideSolutionNode = FALSE
	EndGlobalSection
	GlobalSection(ExtensibilityGlobals) = postSolution
		SolutionGuid = {716C9038-EE3D-4312-9E1F-8D9015DBE6C7}
	EndGlobalSection
EndGlobal
